
Microsoft Visual Studio Solution File, Format Version 12.00
# Visual Studio for Mac
Project("{FAE04EC0-301F-11D3-BF4B-00C04F79EFBC}") = "Assembly-CSharp", "Assembly-CSharp.csproj", "{A60C3D7D-FEE0-EF5E-5717-89F53CFA27C3}"
EndProject
Global
	GlobalSection(SolutionConfigurationPlatforms) = preSolution
		Debug|Any CPU = Debug|Any CPU
		Release|Any CPU = Release|Any CPU
	EndGlobalSection
	GlobalSection(ProjectConfigurationPlatforms) = postSolution
		{A60C3D7D-FEE0-EF5E-5717-89F53CFA27C3}.Debug|Any CPU.ActiveCfg = Debug|Any CPU
		{A60C3D7D-FEE0-EF5E-5717-89F53CFA27C3}.Debug|Any CPU.Build.0 = Debug|Any CPU
		{A60C3D7D-FEE0-EF5E-5717-89F53CFA27C3}.Release|Any CPU.ActiveCfg = Release|Any CPU
		{A60C3D7D-FEE0-EF5E-5717-89F53CFA27C3}.Release|Any CPU.Build.0 = Release|Any CPU
	EndGlobalSection
	GlobalSection(SolutionProperties) = preSolution
		HideSolutionNode = FALSE
	EndGlobalSection
EndGlobal
